
Microsoft Visual Studio Solution File, Format Version 12.00
Project("{2150E333-8FDC-42A3-9474-1A3956D46DE8}") = "Solution Items", "Solution Items", "{F89C7780-72F0-4140-ACDE-C0AABFA5BE07}"
	ProjectSection(SolutionItems) = preProject
		nuget.config = nuget.config
		.editorconfig = .editorconfig
		.gitignore = .gitignore
	EndProjectSection
EndProject
Project("{2150E333-8FDC-42A3-9474-1A3956D46DE8}") = "Src", "Src", "{4925003B-8AE5-45E5-83D7-C19D0E78D507}"
	ProjectSection(SolutionItems) = preProject
		Src\Directory.Build.props = Src\Directory.Build.props
	EndProjectSection
EndProject
Project("{2150E333-8FDC-42A3-9474-1A3956D46DE8}") = "Tests", "Tests", "{B9BAF140-F775-469C-92FE-55F7D677124C}"
	ProjectSection(SolutionItems) = preProject
		Tests\Directory.Build.props = Tests\Directory.Build.props
		Tests\Directory.Packages.props = Tests\Directory.Packages.props
	EndProjectSection
EndProject
Project("{FAE04EC0-301F-11D3-BF4B-00C04F79EFBC}") = "Geneirodan.Abstractions", "Src\Geneirodan.Abstractions\Geneirodan.Abstractions.csproj", "{60911C80-597C-4E66-9A52-92130A2C77D2}"
EndProject
Project("{FAE04EC0-301F-11D3-BF4B-00C04F79EFBC}") = "Geneirodan.EntityFrameworkCore", "Src\Geneirodan.EntityFrameworkCore\Geneirodan.EntityFrameworkCore.csproj", "{8344446B-4D34-4F24-92B9-95F83DDB31C8}"
EndProject
Project("{FAE04EC0-301F-11D3-BF4B-00C04F79EFBC}") = "Geneirodan.EntityFrameworkCore.Tests", "Tests\Geneirodan.EntityFrameworkCore.Tests\Geneirodan.EntityFrameworkCore.Tests.csproj", "{7368DDCA-CE40-4F72-B923-D2C3C1F7358F}"
EndProject
Project("{2150E333-8FDC-42A3-9474-1A3956D46DE8}") = "Sample", "Sample", "{B29529FC-C0A1-4EDF-A248-9EC283E23332}"
EndProject
Project("{FAE04EC0-301F-11D3-BF4B-00C04F79EFBC}") = "Geneirodan.SampleApi", "Sample\Geneirodan.SampleApi\Geneirodan.SampleApi.csproj", "{3A870435-4B7A-4374-A0D1-E47902764143}"
EndProject
Global
	GlobalSection(SolutionConfigurationPlatforms) = preSolution
		Debug|Any CPU = Debug|Any CPU
		Release|Any CPU = Release|Any CPU
	EndGlobalSection
	GlobalSection(ProjectConfigurationPlatforms) = postSolution
		{60911C80-597C-4E66-9A52-92130A2C77D2}.Debug|Any CPU.ActiveCfg = Debug|Any CPU
		{60911C80-597C-4E66-9A52-92130A2C77D2}.Debug|Any CPU.Build.0 = Debug|Any CPU
		{60911C80-597C-4E66-9A52-92130A2C77D2}.Release|Any CPU.ActiveCfg = Release|Any CPU
		{60911C80-597C-4E66-9A52-92130A2C77D2}.Release|Any CPU.Build.0 = Release|Any CPU
		{8344446B-4D34-4F24-92B9-95F83DDB31C8}.Debug|Any CPU.ActiveCfg = Debug|Any CPU
		{8344446B-4D34-4F24-92B9-95F83DDB31C8}.Debug|Any CPU.Build.0 = Debug|Any CPU
		{8344446B-4D34-4F24-92B9-95F83DDB31C8}.Release|Any CPU.ActiveCfg = Release|Any CPU
		{8344446B-4D34-4F24-92B9-95F83DDB31C8}.Release|Any CPU.Build.0 = Release|Any CPU
		{7368DDCA-CE40-4F72-B923-D2C3C1F7358F}.Debug|Any CPU.ActiveCfg = Debug|Any CPU
		{7368DDCA-CE40-4F72-B923-D2C3C1F7358F}.Debug|Any CPU.Build.0 = Debug|Any CPU
		{7368DDCA-CE40-4F72-B923-D2C3C1F7358F}.Release|Any CPU.ActiveCfg = Release|Any CPU
		{7368DDCA-CE40-4F72-B923-D2C3C1F7358F}.Release|Any CPU.Build.0 = Release|Any CPU
		{3A870435-4B7A-4374-A0D1-E47902764143}.Debug|Any CPU.ActiveCfg = Debug|Any CPU
		{3A870435-4B7A-4374-A0D1-E47902764143}.Debug|Any CPU.Build.0 = Debug|Any CPU
		{3A870435-4B7A-4374-A0D1-E47902764143}.Release|Any CPU.ActiveCfg = Release|Any CPU
		{3A870435-4B7A-4374-A0D1-E47902764143}.Release|Any CPU.Build.0 = Release|Any CPU
	EndGlobalSection
	GlobalSection(NestedProjects) = preSolution
		{60911C80-597C-4E66-9A52-92130A2C77D2} = {4925003B-8AE5-45E5-83D7-C19D0E78D507}
		{8344446B-4D34-4F24-92B9-95F83DDB31C8} = {4925003B-8AE5-45E5-83D7-C19D0E78D507}
		{7368DDCA-CE40-4F72-B923-D2C3C1F7358F} = {B9BAF140-F775-469C-92FE-55F7D677124C}
		{3A870435-4B7A-4374-A0D1-E47902764143} = {B29529FC-C0A1-4EDF-A248-9EC283E23332}
	EndGlobalSection
EndGlobal
